
Microsoft Visual Studio Solution File, Format Version 12.00
# Visual Studio 2012
Project("{FAE04EC0-301F-11D3-BF4B-00C04F79EFBC}") = "1.Shapes", "Shapes\1.Shapes.csproj", "{68446CA9-D4A7-45B0-B545-125CFB162E13}"
EndProject
Project("{FAE04EC0-301F-11D3-BF4B-00C04F79EFBC}") = "2.Bank", "Bank\2.Bank.csproj", "{283C0A47-A140-4C69-AFEE-901C81508DBF}"
EndProject
Project("{FAE04EC0-301F-11D3-BF4B-00C04F79EFBC}") = "Exeption", "Exeption\Exeption.csproj", "{5B9427A5-BC0E-4FBC-8C2C-351F30D1C20A}"
EndProject
Global
	GlobalSection(SolutionConfigurationPlatforms) = preSolution
		Debug|Any CPU = Debug|Any CPU
		Release|Any CPU = Release|Any CPU
	EndGlobalSection
	GlobalSection(ProjectConfigurationPlatforms) = postSolution
		{68446CA9-D4A7-45B0-B545-125CFB162E13}.Debug|Any CPU.ActiveCfg = Debug|Any CPU
		{68446CA9-D4A7-45B0-B545-125CFB162E13}.Debug|Any CPU.Build.0 = Debug|Any CPU
		{68446CA9-D4A7-45B0-B545-125CFB162E13}.Release|Any CPU.ActiveCfg = Release|Any CPU
		{68446CA9-D4A7-45B0-B545-125CFB162E13}.Release|Any CPU.Build.0 = Release|Any CPU
		{283C0A47-A140-4C69-AFEE-901C81508DBF}.Debug|Any CPU.ActiveCfg = Debug|Any CPU
		{283C0A47-A140-4C69-AFEE-901C81508DBF}.Debug|Any CPU.Build.0 = Debug|Any CPU
		{283C0A47-A140-4C69-AFEE-901C81508DBF}.Release|Any CPU.ActiveCfg = Release|Any CPU
		{283C0A47-A140-4C69-AFEE-901C81508DBF}.Release|Any CPU.Build.0 = Release|Any CPU
		{5B9427A5-BC0E-4FBC-8C2C-351F30D1C20A}.Debug|Any CPU.ActiveCfg = Debug|Any CPU
		{5B9427A5-BC0E-4FBC-8C2C-351F30D1C20A}.Debug|Any CPU.Build.0 = Debug|Any CPU
		{5B9427A5-BC0E-4FBC-8C2C-351F30D1C20A}.Release|Any CPU.ActiveCfg = Release|Any CPU
		{5B9427A5-BC0E-4FBC-8C2C-351F30D1C20A}.Release|Any CPU.Build.0 = Release|Any CPU
	EndGlobalSection
	GlobalSection(SolutionProperties) = preSolution
		HideSolutionNode = FALSE
	EndGlobalSection
EndGlobal
