
Microsoft Visual Studio Solution File, Format Version 12.00
# Visual Studio 2012
Project("{FAE04EC0-301F-11D3-BF4B-00C04F79EFBC}") = "1.LeapYear", "LeapYear\1.LeapYear.csproj", "{B9B44077-648C-4E42-AA9A-EB933C68FA7A}"
EndProject
Project("{FAE04EC0-301F-11D3-BF4B-00C04F79EFBC}") = "2.TenRandomValues", "TenRandomValues\2.TenRandomValues.csproj", "{8E6066AB-EE4B-490D-B555-932B46C702A2}"
EndProject
Project("{FAE04EC0-301F-11D3-BF4B-00C04F79EFBC}") = "3.WichDayOfWeek", "WichDayOfWeek\3.WichDayOfWeek.csproj", "{1520A760-F159-4BC1-B048-680656465A42}"
EndProject
Project("{FAE04EC0-301F-11D3-BF4B-00C04F79EFBC}") = "4.SurfaceOfTriangle", "SurfaceOfTriangle\4.SurfaceOfTriangle.csproj", "{6C5DA924-90FD-44CA-95F6-277DBC826E6B}"
EndProject
Project("{FAE04EC0-301F-11D3-BF4B-00C04F79EFBC}") = "6.SumInString", "SumInString\6.SumInString.csproj", "{8C01FD7A-94DD-4F47-96C7-54F62F62ACCC}"
EndProject
Project("{FAE04EC0-301F-11D3-BF4B-00C04F79EFBC}") = "5.WorkDays", "WorkDays\5.WorkDays.csproj", "{5F3F8EC2-CDE7-4073-BDDA-8AA0036596D3}"
EndProject
Global
	GlobalSection(SolutionConfigurationPlatforms) = preSolution
		Debug|Any CPU = Debug|Any CPU
		Release|Any CPU = Release|Any CPU
	EndGlobalSection
	GlobalSection(ProjectConfigurationPlatforms) = postSolution
		{B9B44077-648C-4E42-AA9A-EB933C68FA7A}.Debug|Any CPU.ActiveCfg = Debug|Any CPU
		{B9B44077-648C-4E42-AA9A-EB933C68FA7A}.Debug|Any CPU.Build.0 = Debug|Any CPU
		{B9B44077-648C-4E42-AA9A-EB933C68FA7A}.Release|Any CPU.ActiveCfg = Release|Any CPU
		{B9B44077-648C-4E42-AA9A-EB933C68FA7A}.Release|Any CPU.Build.0 = Release|Any CPU
		{8E6066AB-EE4B-490D-B555-932B46C702A2}.Debug|Any CPU.ActiveCfg = Debug|Any CPU
		{8E6066AB-EE4B-490D-B555-932B46C702A2}.Debug|Any CPU.Build.0 = Debug|Any CPU
		{8E6066AB-EE4B-490D-B555-932B46C702A2}.Release|Any CPU.ActiveCfg = Release|Any CPU
		{8E6066AB-EE4B-490D-B555-932B46C702A2}.Release|Any CPU.Build.0 = Release|Any CPU
		{1520A760-F159-4BC1-B048-680656465A42}.Debug|Any CPU.ActiveCfg = Debug|Any CPU
		{1520A760-F159-4BC1-B048-680656465A42}.Debug|Any CPU.Build.0 = Debug|Any CPU
		{1520A760-F159-4BC1-B048-680656465A42}.Release|Any CPU.ActiveCfg = Release|Any CPU
		{1520A760-F159-4BC1-B048-680656465A42}.Release|Any CPU.Build.0 = Release|Any CPU
		{6C5DA924-90FD-44CA-95F6-277DBC826E6B}.Debug|Any CPU.ActiveCfg = Debug|Any CPU
		{6C5DA924-90FD-44CA-95F6-277DBC826E6B}.Debug|Any CPU.Build.0 = Debug|Any CPU
		{6C5DA924-90FD-44CA-95F6-277DBC826E6B}.Release|Any CPU.ActiveCfg = Release|Any CPU
		{6C5DA924-90FD-44CA-95F6-277DBC826E6B}.Release|Any CPU.Build.0 = Release|Any CPU
		{8C01FD7A-94DD-4F47-96C7-54F62F62ACCC}.Debug|Any CPU.ActiveCfg = Debug|Any CPU
		{8C01FD7A-94DD-4F47-96C7-54F62F62ACCC}.Debug|Any CPU.Build.0 = Debug|Any CPU
		{8C01FD7A-94DD-4F47-96C7-54F62F62ACCC}.Release|Any CPU.ActiveCfg = Release|Any CPU
		{8C01FD7A-94DD-4F47-96C7-54F62F62ACCC}.Release|Any CPU.Build.0 = Release|Any CPU
		{5F3F8EC2-CDE7-4073-BDDA-8AA0036596D3}.Debug|Any CPU.ActiveCfg = Debug|Any CPU
		{5F3F8EC2-CDE7-4073-BDDA-8AA0036596D3}.Debug|Any CPU.Build.0 = Debug|Any CPU
		{5F3F8EC2-CDE7-4073-BDDA-8AA0036596D3}.Release|Any CPU.ActiveCfg = Release|Any CPU
		{5F3F8EC2-CDE7-4073-BDDA-8AA0036596D3}.Release|Any CPU.Build.0 = Release|Any CPU
	EndGlobalSection
	GlobalSection(SolutionProperties) = preSolution
		HideSolutionNode = FALSE
	EndGlobalSection
EndGlobal
