
Microsoft Visual Studio Solution File, Format Version 12.00
# Visual Studio 2012
Project("{FAE04EC0-301F-11D3-BF4B-00C04F79EFBC}") = "01.FiveVariables", "FiveVariables\01.FiveVariables.csproj", "{66D52B5E-BA25-4058-BD0F-AF533794674A}"
EndProject
Project("{FAE04EC0-301F-11D3-BF4B-00C04F79EFBC}") = "02.FloatOrDouble", "FloatOrDouble\02.FloatOrDouble.csproj", "{3606249D-9E52-4145-BEC7-920E3EC0EB4C}"
EndProject
Project("{FAE04EC0-301F-11D3-BF4B-00C04F79EFBC}") = "03.CompareFloatingNumbers", "CompareFloatingNumbers\03.CompareFloatingNumbers.csproj", "{B3B0D15C-B0B1-466E-90E0-8114F2C628C6}"
EndProject
Project("{FAE04EC0-301F-11D3-BF4B-00C04F79EFBC}") = "04.HecademicalFormat", "HecademicalFormat\04.HecademicalFormat.csproj", "{73520F3C-168E-4D2C-8B41-9075FF3B6194}"
EndProject
Project("{FAE04EC0-301F-11D3-BF4B-00C04F79EFBC}") = "05.UnicodeOf72", "UnicodeOf72\05.UnicodeOf72.csproj", "{A2912620-26EA-4C9F-8543-0C5434777080}"
EndProject
Project("{FAE04EC0-301F-11D3-BF4B-00C04F79EFBC}") = "06.IsFemaleVariable", "IsFemaleVariable\06.IsFemaleVariable.csproj", "{13838045-4840-4BDA-8F63-70D6C48C9074}"
EndProject
Project("{FAE04EC0-301F-11D3-BF4B-00C04F79EFBC}") = "07.AssignObjectWithString", "AssignObjectWithString\07.AssignObjectWithString.csproj", "{6377DDD3-E17A-4BAE-80F4-4F76200F246F}"
EndProject
Project("{FAE04EC0-301F-11D3-BF4B-00C04F79EFBC}") = "08.QuotedStrings", "QuotedStrings\08.QuotedStrings.csproj", "{9486A0A8-1140-4794-B443-0447772D4F99}"
EndProject
Project("{FAE04EC0-301F-11D3-BF4B-00C04F79EFBC}") = "09.CopyrightSymbolTriangle", "CopyrightSymbolTriangle\09.CopyrightSymbolTriangle.csproj", "{0DA94FA0-7961-4BF0-9058-657CFB573862}"
EndProject
Project("{FAE04EC0-301F-11D3-BF4B-00C04F79EFBC}") = "10.MarketingFirmRecords", "MarketingFirmRecords\10.MarketingFirmRecords.csproj", "{87FAA04E-E2E2-476D-A78D-FC52315A6A64}"
EndProject
Project("{FAE04EC0-301F-11D3-BF4B-00C04F79EFBC}") = "11.ExchangeValues", "ExchangeValues\11.ExchangeValues.csproj", "{BEF0D8AD-8587-4A8E-A5D6-89D2F67DDC24}"
EndProject
Project("{FAE04EC0-301F-11D3-BF4B-00C04F79EFBC}") = "12.ASCIITable", "ASCIITable\12.ASCIITable.csproj", "{A80310AB-5F5B-4B10-9DAA-CF41BDB825B4}"
EndProject
Project("{FAE04EC0-301F-11D3-BF4B-00C04F79EFBC}") = "14.BankAccount", "BankAccount\14.BankAccount.csproj", "{64CD6446-3218-4575-B822-E73C0297B03B}"
EndProject
Project("{FAE04EC0-301F-11D3-BF4B-00C04F79EFBC}") = "13.NullValues", "NullValues\13.NullValues.csproj", "{45BEBAB8-CB73-4785-A44A-9B473BE917C4}"
EndProject
Global
	GlobalSection(SolutionConfigurationPlatforms) = preSolution
		Debug|Any CPU = Debug|Any CPU
		Release|Any CPU = Release|Any CPU
	EndGlobalSection
	GlobalSection(ProjectConfigurationPlatforms) = postSolution
		{66D52B5E-BA25-4058-BD0F-AF533794674A}.Debug|Any CPU.ActiveCfg = Debug|Any CPU
		{66D52B5E-BA25-4058-BD0F-AF533794674A}.Debug|Any CPU.Build.0 = Debug|Any CPU
		{66D52B5E-BA25-4058-BD0F-AF533794674A}.Release|Any CPU.ActiveCfg = Release|Any CPU
		{66D52B5E-BA25-4058-BD0F-AF533794674A}.Release|Any CPU.Build.0 = Release|Any CPU
		{3606249D-9E52-4145-BEC7-920E3EC0EB4C}.Debug|Any CPU.ActiveCfg = Debug|Any CPU
		{3606249D-9E52-4145-BEC7-920E3EC0EB4C}.Debug|Any CPU.Build.0 = Debug|Any CPU
		{3606249D-9E52-4145-BEC7-920E3EC0EB4C}.Release|Any CPU.ActiveCfg = Release|Any CPU
		{3606249D-9E52-4145-BEC7-920E3EC0EB4C}.Release|Any CPU.Build.0 = Release|Any CPU
		{B3B0D15C-B0B1-466E-90E0-8114F2C628C6}.Debug|Any CPU.ActiveCfg = Debug|Any CPU
		{B3B0D15C-B0B1-466E-90E0-8114F2C628C6}.Debug|Any CPU.Build.0 = Debug|Any CPU
		{B3B0D15C-B0B1-466E-90E0-8114F2C628C6}.Release|Any CPU.ActiveCfg = Release|Any CPU
		{B3B0D15C-B0B1-466E-90E0-8114F2C628C6}.Release|Any CPU.Build.0 = Release|Any CPU
		{73520F3C-168E-4D2C-8B41-9075FF3B6194}.Debug|Any CPU.ActiveCfg = Debug|Any CPU
		{73520F3C-168E-4D2C-8B41-9075FF3B6194}.Debug|Any CPU.Build.0 = Debug|Any CPU
		{73520F3C-168E-4D2C-8B41-9075FF3B6194}.Release|Any CPU.ActiveCfg = Release|Any CPU
		{73520F3C-168E-4D2C-8B41-9075FF3B6194}.Release|Any CPU.Build.0 = Release|Any CPU
		{A2912620-26EA-4C9F-8543-0C5434777080}.Debug|Any CPU.ActiveCfg = Debug|Any CPU
		{A2912620-26EA-4C9F-8543-0C5434777080}.Debug|Any CPU.Build.0 = Debug|Any CPU
		{A2912620-26EA-4C9F-8543-0C5434777080}.Release|Any CPU.ActiveCfg = Release|Any CPU
		{A2912620-26EA-4C9F-8543-0C5434777080}.Release|Any CPU.Build.0 = Release|Any CPU
		{13838045-4840-4BDA-8F63-70D6C48C9074}.Debug|Any CPU.ActiveCfg = Debug|Any CPU
		{13838045-4840-4BDA-8F63-70D6C48C9074}.Debug|Any CPU.Build.0 = Debug|Any CPU
		{13838045-4840-4BDA-8F63-70D6C48C9074}.Release|Any CPU.ActiveCfg = Release|Any CPU
		{13838045-4840-4BDA-8F63-70D6C48C9074}.Release|Any CPU.Build.0 = Release|Any CPU
		{6377DDD3-E17A-4BAE-80F4-4F76200F246F}.Debug|Any CPU.ActiveCfg = Debug|Any CPU
		{6377DDD3-E17A-4BAE-80F4-4F76200F246F}.Debug|Any CPU.Build.0 = Debug|Any CPU
		{6377DDD3-E17A-4BAE-80F4-4F76200F246F}.Release|Any CPU.ActiveCfg = Release|Any CPU
		{6377DDD3-E17A-4BAE-80F4-4F76200F246F}.Release|Any CPU.Build.0 = Release|Any CPU
		{9486A0A8-1140-4794-B443-0447772D4F99}.Debug|Any CPU.ActiveCfg = Debug|Any CPU
		{9486A0A8-1140-4794-B443-0447772D4F99}.Debug|Any CPU.Build.0 = Debug|Any CPU
		{9486A0A8-1140-4794-B443-0447772D4F99}.Release|Any CPU.ActiveCfg = Release|Any CPU
		{9486A0A8-1140-4794-B443-0447772D4F99}.Release|Any CPU.Build.0 = Release|Any CPU
		{0DA94FA0-7961-4BF0-9058-657CFB573862}.Debug|Any CPU.ActiveCfg = Debug|Any CPU
		{0DA94FA0-7961-4BF0-9058-657CFB573862}.Debug|Any CPU.Build.0 = Debug|Any CPU
		{0DA94FA0-7961-4BF0-9058-657CFB573862}.Release|Any CPU.ActiveCfg = Release|Any CPU
		{0DA94FA0-7961-4BF0-9058-657CFB573862}.Release|Any CPU.Build.0 = Release|Any CPU
		{87FAA04E-E2E2-476D-A78D-FC52315A6A64}.Debug|Any CPU.ActiveCfg = Debug|Any CPU
		{87FAA04E-E2E2-476D-A78D-FC52315A6A64}.Debug|Any CPU.Build.0 = Debug|Any CPU
		{87FAA04E-E2E2-476D-A78D-FC52315A6A64}.Release|Any CPU.ActiveCfg = Release|Any CPU
		{87FAA04E-E2E2-476D-A78D-FC52315A6A64}.Release|Any CPU.Build.0 = Release|Any CPU
		{BEF0D8AD-8587-4A8E-A5D6-89D2F67DDC24}.Debug|Any CPU.ActiveCfg = Debug|Any CPU
		{BEF0D8AD-8587-4A8E-A5D6-89D2F67DDC24}.Debug|Any CPU.Build.0 = Debug|Any CPU
		{BEF0D8AD-8587-4A8E-A5D6-89D2F67DDC24}.Release|Any CPU.ActiveCfg = Release|Any CPU
		{BEF0D8AD-8587-4A8E-A5D6-89D2F67DDC24}.Release|Any CPU.Build.0 = Release|Any CPU
		{A80310AB-5F5B-4B10-9DAA-CF41BDB825B4}.Debug|Any CPU.ActiveCfg = Debug|Any CPU
		{A80310AB-5F5B-4B10-9DAA-CF41BDB825B4}.Debug|Any CPU.Build.0 = Debug|Any CPU
		{A80310AB-5F5B-4B10-9DAA-CF41BDB825B4}.Release|Any CPU.ActiveCfg = Release|Any CPU
		{A80310AB-5F5B-4B10-9DAA-CF41BDB825B4}.Release|Any CPU.Build.0 = Release|Any CPU
		{64CD6446-3218-4575-B822-E73C0297B03B}.Debug|Any CPU.ActiveCfg = Debug|Any CPU
		{64CD6446-3218-4575-B822-E73C0297B03B}.Debug|Any CPU.Build.0 = Debug|Any CPU
		{64CD6446-3218-4575-B822-E73C0297B03B}.Release|Any CPU.ActiveCfg = Release|Any CPU
		{64CD6446-3218-4575-B822-E73C0297B03B}.Release|Any CPU.Build.0 = Release|Any CPU
		{45BEBAB8-CB73-4785-A44A-9B473BE917C4}.Debug|Any CPU.ActiveCfg = Debug|Any CPU
		{45BEBAB8-CB73-4785-A44A-9B473BE917C4}.Debug|Any CPU.Build.0 = Debug|Any CPU
		{45BEBAB8-CB73-4785-A44A-9B473BE917C4}.Release|Any CPU.ActiveCfg = Release|Any CPU
		{45BEBAB8-CB73-4785-A44A-9B473BE917C4}.Release|Any CPU.Build.0 = Release|Any CPU
	EndGlobalSection
	GlobalSection(SolutionProperties) = preSolution
		HideSolutionNode = FALSE
	EndGlobalSection
EndGlobal
