
Microsoft Visual Studio Solution File, Format Version 12.00
# Visual Studio 2012
Project("{FAE04EC0-301F-11D3-BF4B-00C04F79EFBC}") = "1.DecToBin", "DecToBin\1.DecToBin.csproj", "{F6B7EC05-1C20-42C1-8484-35D6492E64B7}"
EndProject
Project("{FAE04EC0-301F-11D3-BF4B-00C04F79EFBC}") = "2.BinaryToDecimal", "BinaryToDecimal\2.BinaryToDecimal.csproj", "{E00F44F0-0253-4D61-AD20-54D29906B45E}"
EndProject
Project("{FAE04EC0-301F-11D3-BF4B-00C04F79EFBC}") = "3.DecToHec", "DecToHec\3.DecToHec.csproj", "{5F7AE6B4-88AD-4303-83A7-B445023D5ACB}"
EndProject
Project("{FAE04EC0-301F-11D3-BF4B-00C04F79EFBC}") = "4.HecToDec", "HecToDec\4.HecToDec.csproj", "{D2D4B3F1-4404-49E9-94FF-6187C7BCA5DB}"
EndProject
Project("{FAE04EC0-301F-11D3-BF4B-00C04F79EFBC}") = "5.HecToBin", "HecToBin\5.HecToBin.csproj", "{873E8BE3-690D-4EBA-A0DD-75A1C7D08B9E}"
EndProject
Project("{FAE04EC0-301F-11D3-BF4B-00C04F79EFBC}") = "6.BinToHec", "BinToHec\6.BinToHec.csproj", "{286AB28D-3F35-44F8-9A61-F562607C3E37}"
EndProject
Project("{FAE04EC0-301F-11D3-BF4B-00C04F79EFBC}") = "7.FromSToDSystem", "FromSToDSystem\7.FromSToDSystem.csproj", "{81866866-E0BB-401A-AF44-96548F66F6BA}"
EndProject
Project("{FAE04EC0-301F-11D3-BF4B-00C04F79EFBC}") = "8.ShortBinaryReprensentation", "UShortBinaryReprensentation\8.ShortBinaryReprensentation.csproj", "{670DF0CB-E262-4C68-9FAC-5B1E2F1A0496}"
EndProject
Global
	GlobalSection(SolutionConfigurationPlatforms) = preSolution
		Debug|Any CPU = Debug|Any CPU
		Release|Any CPU = Release|Any CPU
	EndGlobalSection
	GlobalSection(ProjectConfigurationPlatforms) = postSolution
		{F6B7EC05-1C20-42C1-8484-35D6492E64B7}.Debug|Any CPU.ActiveCfg = Debug|Any CPU
		{F6B7EC05-1C20-42C1-8484-35D6492E64B7}.Debug|Any CPU.Build.0 = Debug|Any CPU
		{F6B7EC05-1C20-42C1-8484-35D6492E64B7}.Release|Any CPU.ActiveCfg = Release|Any CPU
		{F6B7EC05-1C20-42C1-8484-35D6492E64B7}.Release|Any CPU.Build.0 = Release|Any CPU
		{E00F44F0-0253-4D61-AD20-54D29906B45E}.Debug|Any CPU.ActiveCfg = Debug|Any CPU
		{E00F44F0-0253-4D61-AD20-54D29906B45E}.Debug|Any CPU.Build.0 = Debug|Any CPU
		{E00F44F0-0253-4D61-AD20-54D29906B45E}.Release|Any CPU.ActiveCfg = Release|Any CPU
		{E00F44F0-0253-4D61-AD20-54D29906B45E}.Release|Any CPU.Build.0 = Release|Any CPU
		{5F7AE6B4-88AD-4303-83A7-B445023D5ACB}.Debug|Any CPU.ActiveCfg = Debug|Any CPU
		{5F7AE6B4-88AD-4303-83A7-B445023D5ACB}.Debug|Any CPU.Build.0 = Debug|Any CPU
		{5F7AE6B4-88AD-4303-83A7-B445023D5ACB}.Release|Any CPU.ActiveCfg = Release|Any CPU
		{5F7AE6B4-88AD-4303-83A7-B445023D5ACB}.Release|Any CPU.Build.0 = Release|Any CPU
		{D2D4B3F1-4404-49E9-94FF-6187C7BCA5DB}.Debug|Any CPU.ActiveCfg = Debug|Any CPU
		{D2D4B3F1-4404-49E9-94FF-6187C7BCA5DB}.Debug|Any CPU.Build.0 = Debug|Any CPU
		{D2D4B3F1-4404-49E9-94FF-6187C7BCA5DB}.Release|Any CPU.ActiveCfg = Release|Any CPU
		{D2D4B3F1-4404-49E9-94FF-6187C7BCA5DB}.Release|Any CPU.Build.0 = Release|Any CPU
		{873E8BE3-690D-4EBA-A0DD-75A1C7D08B9E}.Debug|Any CPU.ActiveCfg = Debug|Any CPU
		{873E8BE3-690D-4EBA-A0DD-75A1C7D08B9E}.Debug|Any CPU.Build.0 = Debug|Any CPU
		{873E8BE3-690D-4EBA-A0DD-75A1C7D08B9E}.Release|Any CPU.ActiveCfg = Release|Any CPU
		{873E8BE3-690D-4EBA-A0DD-75A1C7D08B9E}.Release|Any CPU.Build.0 = Release|Any CPU
		{286AB28D-3F35-44F8-9A61-F562607C3E37}.Debug|Any CPU.ActiveCfg = Debug|Any CPU
		{286AB28D-3F35-44F8-9A61-F562607C3E37}.Debug|Any CPU.Build.0 = Debug|Any CPU
		{286AB28D-3F35-44F8-9A61-F562607C3E37}.Release|Any CPU.ActiveCfg = Release|Any CPU
		{286AB28D-3F35-44F8-9A61-F562607C3E37}.Release|Any CPU.Build.0 = Release|Any CPU
		{81866866-E0BB-401A-AF44-96548F66F6BA}.Debug|Any CPU.ActiveCfg = Debug|Any CPU
		{81866866-E0BB-401A-AF44-96548F66F6BA}.Debug|Any CPU.Build.0 = Debug|Any CPU
		{81866866-E0BB-401A-AF44-96548F66F6BA}.Release|Any CPU.ActiveCfg = Release|Any CPU
		{81866866-E0BB-401A-AF44-96548F66F6BA}.Release|Any CPU.Build.0 = Release|Any CPU
		{670DF0CB-E262-4C68-9FAC-5B1E2F1A0496}.Debug|Any CPU.ActiveCfg = Debug|Any CPU
		{670DF0CB-E262-4C68-9FAC-5B1E2F1A0496}.Debug|Any CPU.Build.0 = Debug|Any CPU
		{670DF0CB-E262-4C68-9FAC-5B1E2F1A0496}.Release|Any CPU.ActiveCfg = Release|Any CPU
		{670DF0CB-E262-4C68-9FAC-5B1E2F1A0496}.Release|Any CPU.Build.0 = Release|Any CPU
	EndGlobalSection
	GlobalSection(SolutionProperties) = preSolution
		HideSolutionNode = FALSE
	EndGlobalSection
EndGlobal
