
Microsoft Visual Studio Solution File, Format Version 12.00
# Visual Studio 2012
Project("{FAE04EC0-301F-11D3-BF4B-00C04F79EFBC}") = "2.GenericListAndClasses", "GenericList\2.GenericListAndClasses.csproj", "{14DB260C-5B9E-4EF5-9BA7-A4023B07675F}"
EndProject
Project("{FAE04EC0-301F-11D3-BF4B-00C04F79EFBC}") = "3.Matrix", "Matrix\3.Matrix.csproj", "{2998A199-F123-4FFA-9C8F-BF822B44F3E8}"
EndProject
Project("{FAE04EC0-301F-11D3-BF4B-00C04F79EFBC}") = "4.Attribute", "Attribute\4.Attribute.csproj", "{BA83870F-31E0-45FB-B0B3-047CE298A37F}"
EndProject
Project("{FAE04EC0-301F-11D3-BF4B-00C04F79EFBC}") = "1PointsIn3D", "PointsIn3D\1PointsIn3D.csproj", "{1366987C-E5C8-41F3-BE8D-B982BB26BCDB}"
EndProject
Global
	GlobalSection(SolutionConfigurationPlatforms) = preSolution
		Debug|Any CPU = Debug|Any CPU
		Release|Any CPU = Release|Any CPU
	EndGlobalSection
	GlobalSection(ProjectConfigurationPlatforms) = postSolution
		{14DB260C-5B9E-4EF5-9BA7-A4023B07675F}.Debug|Any CPU.ActiveCfg = Debug|Any CPU
		{14DB260C-5B9E-4EF5-9BA7-A4023B07675F}.Debug|Any CPU.Build.0 = Debug|Any CPU
		{14DB260C-5B9E-4EF5-9BA7-A4023B07675F}.Release|Any CPU.ActiveCfg = Release|Any CPU
		{14DB260C-5B9E-4EF5-9BA7-A4023B07675F}.Release|Any CPU.Build.0 = Release|Any CPU
		{2998A199-F123-4FFA-9C8F-BF822B44F3E8}.Debug|Any CPU.ActiveCfg = Debug|Any CPU
		{2998A199-F123-4FFA-9C8F-BF822B44F3E8}.Debug|Any CPU.Build.0 = Debug|Any CPU
		{2998A199-F123-4FFA-9C8F-BF822B44F3E8}.Release|Any CPU.ActiveCfg = Release|Any CPU
		{2998A199-F123-4FFA-9C8F-BF822B44F3E8}.Release|Any CPU.Build.0 = Release|Any CPU
		{BA83870F-31E0-45FB-B0B3-047CE298A37F}.Debug|Any CPU.ActiveCfg = Debug|Any CPU
		{BA83870F-31E0-45FB-B0B3-047CE298A37F}.Debug|Any CPU.Build.0 = Debug|Any CPU
		{BA83870F-31E0-45FB-B0B3-047CE298A37F}.Release|Any CPU.ActiveCfg = Release|Any CPU
		{BA83870F-31E0-45FB-B0B3-047CE298A37F}.Release|Any CPU.Build.0 = Release|Any CPU
		{1366987C-E5C8-41F3-BE8D-B982BB26BCDB}.Debug|Any CPU.ActiveCfg = Debug|Any CPU
		{1366987C-E5C8-41F3-BE8D-B982BB26BCDB}.Debug|Any CPU.Build.0 = Debug|Any CPU
		{1366987C-E5C8-41F3-BE8D-B982BB26BCDB}.Release|Any CPU.ActiveCfg = Release|Any CPU
		{1366987C-E5C8-41F3-BE8D-B982BB26BCDB}.Release|Any CPU.Build.0 = Release|Any CPU
	EndGlobalSection
	GlobalSection(SolutionProperties) = preSolution
		HideSolutionNode = FALSE
	EndGlobalSection
EndGlobal
