
Microsoft Visual Studio Solution File, Format Version 12.00
# Visual Studio 2012
Project("{FAE04EC0-301F-11D3-BF4B-00C04F79EFBC}") = "01.OddOrEvenInt", "OddOrEvenInt\01.OddOrEvenInt.csproj", "{A83BD9AE-0C6F-4283-BE30-F46B28365735}"
EndProject
Project("{FAE04EC0-301F-11D3-BF4B-00C04F79EFBC}") = "02.DivideBy7And5", "DivideBy7And5\02.DivideBy7And5.csproj", "{B130503D-858B-4483-9F22-85044679A588}"
EndProject
Project("{FAE04EC0-301F-11D3-BF4B-00C04F79EFBC}") = "03.RectangleArea", "RectangleArea\03.RectangleArea.csproj", "{A8B4D94D-953E-4412-A164-65116E0000AF}"
EndProject
Project("{FAE04EC0-301F-11D3-BF4B-00C04F79EFBC}") = "04.ThirdDigitIs7", "ThirdDigitIs7\04.ThirdDigitIs7.csproj", "{B2BE0BB4-5655-42D8-9D7E-59116AB5ABB5}"
EndProject
Project("{FAE04EC0-301F-11D3-BF4B-00C04F79EFBC}") = "05.IfBitIs0Or1", "IfBitIs0Or1\05.IfBitIs0Or1.csproj", "{29CD16C9-D78E-4748-B19C-0A57E4B25693}"
EndProject
Project("{FAE04EC0-301F-11D3-BF4B-00C04F79EFBC}") = "06.IsThePointInTheCircle", "IsThePointInTheCircle\06.IsThePointInTheCircle.csproj", "{2376C607-3AB9-4E60-A139-63155FE32FA6}"
EndProject
Project("{FAE04EC0-301F-11D3-BF4B-00C04F79EFBC}") = "07.PrimeNumber", "PrimeNumber\07.PrimeNumber.csproj", "{CD22492A-C593-4A58-8B31-B602695BFD69}"
EndProject
Project("{FAE04EC0-301F-11D3-BF4B-00C04F79EFBC}") = "08.TrapezoidArea", "TrapezoidArea\08.TrapezoidArea.csproj", "{F1526801-2772-4697-9E8A-92C95D3A2D76}"
EndProject
Project("{FAE04EC0-301F-11D3-BF4B-00C04F79EFBC}") = "09.WithinCircleAndOutRectangle", "WithinCircleAndOutRectangle\09.WithinCircleAndOutRectangle.csproj", "{0DD1E663-58E1-4BD1-AC89-71AE7E461FEE}"
EndProject
Project("{FAE04EC0-301F-11D3-BF4B-00C04F79EFBC}") = "10.BitAtPositionP", "BitAtPositionP\10.BitAtPositionP.csproj", "{55F3C7FF-7A29-4EBA-9C46-F550B53F0B77}"
EndProject
Project("{FAE04EC0-301F-11D3-BF4B-00C04F79EFBC}") = "11.ValueOfAGivenBit", "ValueOfAGivenBit\11.ValueOfAGivenBit.csproj", "{C86676CC-20E5-4ADB-BA7C-625C8D11E5D4}"
EndProject
Project("{FAE04EC0-301F-11D3-BF4B-00C04F79EFBC}") = "12.SetValueAtGivenPosition", "SetValueAtGivenPosition\12.SetValueAtGivenPosition.csproj", "{3D6294E2-311D-4407-8512-F177DED677CD}"
EndProject
Project("{FAE04EC0-301F-11D3-BF4B-00C04F79EFBC}") = "13.ExchangingBits", "ExchangingBits\13.ExchangingBits.csproj", "{9570D257-3EF8-44BD-A674-1FD54AD934E1}"
EndProject
Global
	GlobalSection(SolutionConfigurationPlatforms) = preSolution
		Debug|Any CPU = Debug|Any CPU
		Release|Any CPU = Release|Any CPU
	EndGlobalSection
	GlobalSection(ProjectConfigurationPlatforms) = postSolution
		{A83BD9AE-0C6F-4283-BE30-F46B28365735}.Debug|Any CPU.ActiveCfg = Debug|Any CPU
		{A83BD9AE-0C6F-4283-BE30-F46B28365735}.Debug|Any CPU.Build.0 = Debug|Any CPU
		{A83BD9AE-0C6F-4283-BE30-F46B28365735}.Release|Any CPU.ActiveCfg = Release|Any CPU
		{A83BD9AE-0C6F-4283-BE30-F46B28365735}.Release|Any CPU.Build.0 = Release|Any CPU
		{B130503D-858B-4483-9F22-85044679A588}.Debug|Any CPU.ActiveCfg = Debug|Any CPU
		{B130503D-858B-4483-9F22-85044679A588}.Debug|Any CPU.Build.0 = Debug|Any CPU
		{B130503D-858B-4483-9F22-85044679A588}.Release|Any CPU.ActiveCfg = Release|Any CPU
		{B130503D-858B-4483-9F22-85044679A588}.Release|Any CPU.Build.0 = Release|Any CPU
		{A8B4D94D-953E-4412-A164-65116E0000AF}.Debug|Any CPU.ActiveCfg = Debug|Any CPU
		{A8B4D94D-953E-4412-A164-65116E0000AF}.Debug|Any CPU.Build.0 = Debug|Any CPU
		{A8B4D94D-953E-4412-A164-65116E0000AF}.Release|Any CPU.ActiveCfg = Release|Any CPU
		{A8B4D94D-953E-4412-A164-65116E0000AF}.Release|Any CPU.Build.0 = Release|Any CPU
		{B2BE0BB4-5655-42D8-9D7E-59116AB5ABB5}.Debug|Any CPU.ActiveCfg = Debug|Any CPU
		{B2BE0BB4-5655-42D8-9D7E-59116AB5ABB5}.Debug|Any CPU.Build.0 = Debug|Any CPU
		{B2BE0BB4-5655-42D8-9D7E-59116AB5ABB5}.Release|Any CPU.ActiveCfg = Release|Any CPU
		{B2BE0BB4-5655-42D8-9D7E-59116AB5ABB5}.Release|Any CPU.Build.0 = Release|Any CPU
		{29CD16C9-D78E-4748-B19C-0A57E4B25693}.Debug|Any CPU.ActiveCfg = Debug|Any CPU
		{29CD16C9-D78E-4748-B19C-0A57E4B25693}.Debug|Any CPU.Build.0 = Debug|Any CPU
		{29CD16C9-D78E-4748-B19C-0A57E4B25693}.Release|Any CPU.ActiveCfg = Release|Any CPU
		{29CD16C9-D78E-4748-B19C-0A57E4B25693}.Release|Any CPU.Build.0 = Release|Any CPU
		{2376C607-3AB9-4E60-A139-63155FE32FA6}.Debug|Any CPU.ActiveCfg = Debug|Any CPU
		{2376C607-3AB9-4E60-A139-63155FE32FA6}.Debug|Any CPU.Build.0 = Debug|Any CPU
		{2376C607-3AB9-4E60-A139-63155FE32FA6}.Release|Any CPU.ActiveCfg = Release|Any CPU
		{2376C607-3AB9-4E60-A139-63155FE32FA6}.Release|Any CPU.Build.0 = Release|Any CPU
		{CD22492A-C593-4A58-8B31-B602695BFD69}.Debug|Any CPU.ActiveCfg = Debug|Any CPU
		{CD22492A-C593-4A58-8B31-B602695BFD69}.Debug|Any CPU.Build.0 = Debug|Any CPU
		{CD22492A-C593-4A58-8B31-B602695BFD69}.Release|Any CPU.ActiveCfg = Release|Any CPU
		{CD22492A-C593-4A58-8B31-B602695BFD69}.Release|Any CPU.Build.0 = Release|Any CPU
		{F1526801-2772-4697-9E8A-92C95D3A2D76}.Debug|Any CPU.ActiveCfg = Debug|Any CPU
		{F1526801-2772-4697-9E8A-92C95D3A2D76}.Debug|Any CPU.Build.0 = Debug|Any CPU
		{F1526801-2772-4697-9E8A-92C95D3A2D76}.Release|Any CPU.ActiveCfg = Release|Any CPU
		{F1526801-2772-4697-9E8A-92C95D3A2D76}.Release|Any CPU.Build.0 = Release|Any CPU
		{0DD1E663-58E1-4BD1-AC89-71AE7E461FEE}.Debug|Any CPU.ActiveCfg = Debug|Any CPU
		{0DD1E663-58E1-4BD1-AC89-71AE7E461FEE}.Debug|Any CPU.Build.0 = Debug|Any CPU
		{0DD1E663-58E1-4BD1-AC89-71AE7E461FEE}.Release|Any CPU.ActiveCfg = Release|Any CPU
		{0DD1E663-58E1-4BD1-AC89-71AE7E461FEE}.Release|Any CPU.Build.0 = Release|Any CPU
		{55F3C7FF-7A29-4EBA-9C46-F550B53F0B77}.Debug|Any CPU.ActiveCfg = Debug|Any CPU
		{55F3C7FF-7A29-4EBA-9C46-F550B53F0B77}.Debug|Any CPU.Build.0 = Debug|Any CPU
		{55F3C7FF-7A29-4EBA-9C46-F550B53F0B77}.Release|Any CPU.ActiveCfg = Release|Any CPU
		{55F3C7FF-7A29-4EBA-9C46-F550B53F0B77}.Release|Any CPU.Build.0 = Release|Any CPU
		{C86676CC-20E5-4ADB-BA7C-625C8D11E5D4}.Debug|Any CPU.ActiveCfg = Debug|Any CPU
		{C86676CC-20E5-4ADB-BA7C-625C8D11E5D4}.Debug|Any CPU.Build.0 = Debug|Any CPU
		{C86676CC-20E5-4ADB-BA7C-625C8D11E5D4}.Release|Any CPU.ActiveCfg = Release|Any CPU
		{C86676CC-20E5-4ADB-BA7C-625C8D11E5D4}.Release|Any CPU.Build.0 = Release|Any CPU
		{3D6294E2-311D-4407-8512-F177DED677CD}.Debug|Any CPU.ActiveCfg = Debug|Any CPU
		{3D6294E2-311D-4407-8512-F177DED677CD}.Debug|Any CPU.Build.0 = Debug|Any CPU
		{3D6294E2-311D-4407-8512-F177DED677CD}.Release|Any CPU.ActiveCfg = Release|Any CPU
		{3D6294E2-311D-4407-8512-F177DED677CD}.Release|Any CPU.Build.0 = Release|Any CPU
		{9570D257-3EF8-44BD-A674-1FD54AD934E1}.Debug|Any CPU.ActiveCfg = Debug|Any CPU
		{9570D257-3EF8-44BD-A674-1FD54AD934E1}.Debug|Any CPU.Build.0 = Debug|Any CPU
		{9570D257-3EF8-44BD-A674-1FD54AD934E1}.Release|Any CPU.ActiveCfg = Release|Any CPU
		{9570D257-3EF8-44BD-A674-1FD54AD934E1}.Release|Any CPU.Build.0 = Release|Any CPU
	EndGlobalSection
	GlobalSection(SolutionProperties) = preSolution
		HideSolutionNode = FALSE
	EndGlobalSection
EndGlobal
