
Microsoft Visual Studio Solution File, Format Version 12.00
# Visual Studio 2012
Project("{FAE04EC0-301F-11D3-BF4B-00C04F79EFBC}") = "1.School", "School\1.School.csproj", "{2F4502B4-A359-43DB-879E-7A9118AE42E5}"
EndProject
Project("{FAE04EC0-301F-11D3-BF4B-00C04F79EFBC}") = "2.Human", "Human\2.Human.csproj", "{20E97222-0C78-4E6E-A8BB-50A99462DAEE}"
EndProject
Project("{FAE04EC0-301F-11D3-BF4B-00C04F79EFBC}") = "3.Animals", "Animals\3.Animals.csproj", "{90C04E93-3914-4DBA-A21D-D3FB353A12D5}"
EndProject
Global
	GlobalSection(SolutionConfigurationPlatforms) = preSolution
		Debug|Any CPU = Debug|Any CPU
		Release|Any CPU = Release|Any CPU
	EndGlobalSection
	GlobalSection(ProjectConfigurationPlatforms) = postSolution
		{2F4502B4-A359-43DB-879E-7A9118AE42E5}.Debug|Any CPU.ActiveCfg = Debug|Any CPU
		{2F4502B4-A359-43DB-879E-7A9118AE42E5}.Debug|Any CPU.Build.0 = Debug|Any CPU
		{2F4502B4-A359-43DB-879E-7A9118AE42E5}.Release|Any CPU.ActiveCfg = Release|Any CPU
		{2F4502B4-A359-43DB-879E-7A9118AE42E5}.Release|Any CPU.Build.0 = Release|Any CPU
		{20E97222-0C78-4E6E-A8BB-50A99462DAEE}.Debug|Any CPU.ActiveCfg = Debug|Any CPU
		{20E97222-0C78-4E6E-A8BB-50A99462DAEE}.Debug|Any CPU.Build.0 = Debug|Any CPU
		{20E97222-0C78-4E6E-A8BB-50A99462DAEE}.Release|Any CPU.ActiveCfg = Release|Any CPU
		{20E97222-0C78-4E6E-A8BB-50A99462DAEE}.Release|Any CPU.Build.0 = Release|Any CPU
		{90C04E93-3914-4DBA-A21D-D3FB353A12D5}.Debug|Any CPU.ActiveCfg = Debug|Any CPU
		{90C04E93-3914-4DBA-A21D-D3FB353A12D5}.Debug|Any CPU.Build.0 = Debug|Any CPU
		{90C04E93-3914-4DBA-A21D-D3FB353A12D5}.Release|Any CPU.ActiveCfg = Release|Any CPU
		{90C04E93-3914-4DBA-A21D-D3FB353A12D5}.Release|Any CPU.Build.0 = Release|Any CPU
	EndGlobalSection
	GlobalSection(SolutionProperties) = preSolution
		HideSolutionNode = FALSE
	EndGlobalSection
EndGlobal
