
Microsoft Visual Studio Solution File, Format Version 12.00
# Visual Studio 2012
Project("{FAE04EC0-301F-11D3-BF4B-00C04F79EFBC}") = "1.SquareRoot", "SquareRoot\1.SquareRoot.csproj", "{9F7BAE79-78F9-4734-8EBF-1E77774F89EB}"
EndProject
Project("{FAE04EC0-301F-11D3-BF4B-00C04F79EFBC}") = "2.TenNumbersInCorrectFormat", "TenNumbersInCorrectFormat\2.TenNumbersInCorrectFormat.csproj", "{329B50C7-4C2E-4738-8801-DE0BEF1D9234}"
EndProject
Project("{FAE04EC0-301F-11D3-BF4B-00C04F79EFBC}") = "3.ReadAFileFromTheComputer", "ReadAFileFromTheComputer\3.ReadAFileFromTheComputer.csproj", "{E8D963DD-BB66-49AC-8BD5-53D0C429F1B4}"
EndProject
Project("{FAE04EC0-301F-11D3-BF4B-00C04F79EFBC}") = "4.NetDownload", "NetDownload\4.NetDownload.csproj", "{16828158-D362-471C-BFDD-36955CF48CD3}"
EndProject
Global
	GlobalSection(SolutionConfigurationPlatforms) = preSolution
		Debug|Any CPU = Debug|Any CPU
		Release|Any CPU = Release|Any CPU
	EndGlobalSection
	GlobalSection(ProjectConfigurationPlatforms) = postSolution
		{9F7BAE79-78F9-4734-8EBF-1E77774F89EB}.Debug|Any CPU.ActiveCfg = Debug|Any CPU
		{9F7BAE79-78F9-4734-8EBF-1E77774F89EB}.Debug|Any CPU.Build.0 = Debug|Any CPU
		{9F7BAE79-78F9-4734-8EBF-1E77774F89EB}.Release|Any CPU.ActiveCfg = Release|Any CPU
		{9F7BAE79-78F9-4734-8EBF-1E77774F89EB}.Release|Any CPU.Build.0 = Release|Any CPU
		{329B50C7-4C2E-4738-8801-DE0BEF1D9234}.Debug|Any CPU.ActiveCfg = Debug|Any CPU
		{329B50C7-4C2E-4738-8801-DE0BEF1D9234}.Debug|Any CPU.Build.0 = Debug|Any CPU
		{329B50C7-4C2E-4738-8801-DE0BEF1D9234}.Release|Any CPU.ActiveCfg = Release|Any CPU
		{329B50C7-4C2E-4738-8801-DE0BEF1D9234}.Release|Any CPU.Build.0 = Release|Any CPU
		{E8D963DD-BB66-49AC-8BD5-53D0C429F1B4}.Debug|Any CPU.ActiveCfg = Debug|Any CPU
		{E8D963DD-BB66-49AC-8BD5-53D0C429F1B4}.Debug|Any CPU.Build.0 = Debug|Any CPU
		{E8D963DD-BB66-49AC-8BD5-53D0C429F1B4}.Release|Any CPU.ActiveCfg = Release|Any CPU
		{E8D963DD-BB66-49AC-8BD5-53D0C429F1B4}.Release|Any CPU.Build.0 = Release|Any CPU
		{16828158-D362-471C-BFDD-36955CF48CD3}.Debug|Any CPU.ActiveCfg = Debug|Any CPU
		{16828158-D362-471C-BFDD-36955CF48CD3}.Debug|Any CPU.Build.0 = Debug|Any CPU
		{16828158-D362-471C-BFDD-36955CF48CD3}.Release|Any CPU.ActiveCfg = Release|Any CPU
		{16828158-D362-471C-BFDD-36955CF48CD3}.Release|Any CPU.Build.0 = Release|Any CPU
	EndGlobalSection
	GlobalSection(SolutionProperties) = preSolution
		HideSolutionNode = FALSE
	EndGlobalSection
EndGlobal
